{
  "version": 4,
  "terraform_version": "0.12.26",
  "serial": 15,
  "lineage": "7ff7cf4f-998d-8b00-ab7f-6cecccb3a29e",
  "outputs": {},
  "resources": [
    {
      "mode": "managed",
      "type": "aws_instance",
      "name": "mysql",
      "provider": "provider.aws",
      "instances": [
        {
          "schema_version": 1,
          "attributes": {
            "ami": "ami-0447a12f28fddb066",
            "arn": "arn:aws:ec2:ap-south-1:173168492248:instance/i-0401a1e16e149ae77",
            "associate_public_ip_address": false,
            "availability_zone": "ap-south-1b",
            "cpu_core_count": 1,
            "cpu_threads_per_core": 1,
            "credit_specification": [
              {
                "cpu_credits": "standard"
              }
            ],
            "disable_api_termination": false,
            "ebs_block_device": [],
            "ebs_optimized": false,
            "ephemeral_block_device": [],
            "get_password_data": false,
            "hibernation": false,
            "host_id": null,
            "iam_instance_profile": "",
            "id": "i-0401a1e16e149ae77",
            "instance_initiated_shutdown_behavior": null,
            "instance_state": "running",
            "instance_type": "t2.micro",
            "ipv6_address_count": 0,
            "ipv6_addresses": [],
            "key_name": "terraform-20200716182405918800000001",
            "metadata_options": [
              {
                "http_endpoint": "enabled",
                "http_put_response_hop_limit": 1,
                "http_tokens": "optional"
              }
            ],
            "monitoring": false,
            "network_interface": [],
            "network_interface_id": null,
            "outpost_arn": "",
            "password_data": "",
            "placement_group": "",
            "primary_network_interface_id": "eni-09529122a15b734a5",
            "private_dns": "ip-192-168-2-235.ap-south-1.compute.internal",
            "private_ip": "192.168.2.235",
            "public_dns": "",
            "public_ip": "",
            "root_block_device": [
              {
                "delete_on_termination": true,
                "device_name": "/dev/xvda",
                "encrypted": false,
                "iops": 100,
                "kms_key_id": "",
                "volume_id": "vol-0672dba0897ef60ab",
                "volume_size": 8,
                "volume_type": "gp2"
              }
            ],
            "security_groups": [],
            "source_dest_check": true,
            "subnet_id": "subnet-0e964342d27a050cf",
            "tags": {
              "Name": "Myfirstos"
            },
            "tenancy": "default",
            "timeouts": null,
            "user_data": null,
            "user_data_base64": null,
            "volume_tags": {},
            "vpc_security_group_ids": [
              "sg-0689ce45457635d2c"
            ]
          },
          "private": "eyJlMmJmYjczMC1lY2FhLTExZTYtOGY4OC0zNDM2M2JjN2M0YzAiOnsiY3JlYXRlIjo2MDAwMDAwMDAwMDAsImRlbGV0ZSI6MTIwMDAwMDAwMDAwMCwidXBkYXRlIjo2MDAwMDAwMDAwMDB9LCJzY2hlbWFfdmVyc2lvbiI6IjEifQ==",
          "dependencies": [
            "aws_key_pair.generated_key",
            "aws_security_group.allow_tlsp2",
            "aws_subnet.mysqlsubnet"
          ]
        }
      ]
    },
    {
      "mode": "managed",
      "type": "aws_instance",
      "name": "wordpress",
      "provider": "provider.aws",
      "instances": [
        {
          "schema_version": 1,
          "attributes": {
            "ami": "ami-004a955bfb611bf13",
            "arn": "arn:aws:ec2:ap-south-1:173168492248:instance/i-0b0dd8d84c24991d6",
            "associate_public_ip_address": true,
            "availability_zone": "ap-south-1a",
            "cpu_core_count": 1,
            "cpu_threads_per_core": 1,
            "credit_specification": [
              {
                "cpu_credits": "standard"
              }
            ],
            "disable_api_termination": false,
            "ebs_block_device": [],
            "ebs_optimized": false,
            "ephemeral_block_device": [],
            "get_password_data": false,
            "hibernation": false,
            "host_id": null,
            "iam_instance_profile": "",
            "id": "i-0b0dd8d84c24991d6",
            "instance_initiated_shutdown_behavior": null,
            "instance_state": "running",
            "instance_type": "t2.micro",
            "ipv6_address_count": 0,
            "ipv6_addresses": [],
            "key_name": "terraform-20200716182405918800000001",
            "metadata_options": [
              {
                "http_endpoint": "enabled",
                "http_put_response_hop_limit": 1,
                "http_tokens": "optional"
              }
            ],
            "monitoring": false,
            "network_interface": [],
            "network_interface_id": null,
            "outpost_arn": "",
            "password_data": "",
            "placement_group": "",
            "primary_network_interface_id": "eni-0a8158a6a88521d35",
            "private_dns": "ip-192-168-1-237.ap-south-1.compute.internal",
            "private_ip": "192.168.1.237",
            "public_dns": "",
            "public_ip": "13.233.207.81",
            "root_block_device": [
              {
                "delete_on_termination": true,
                "device_name": "/dev/sda1",
                "encrypted": false,
                "iops": 100,
                "kms_key_id": "",
                "volume_id": "vol-048479753cd84b530",
                "volume_size": 10,
                "volume_type": "gp2"
              }
            ],
            "security_groups": [],
            "source_dest_check": true,
            "subnet_id": "subnet-0b4422f3fdd329c48",
            "tags": {
              "Name": "Myfirstos"
            },
            "tenancy": "default",
            "timeouts": null,
            "user_data": null,
            "user_data_base64": null,
            "volume_tags": {},
            "vpc_security_group_ids": [
              "sg-006e9be529550126c"
            ]
          },
          "private": "eyJlMmJmYjczMC1lY2FhLTExZTYtOGY4OC0zNDM2M2JjN2M0YzAiOnsiY3JlYXRlIjo2MDAwMDAwMDAwMDAsImRlbGV0ZSI6MTIwMDAwMDAwMDAwMCwidXBkYXRlIjo2MDAwMDAwMDAwMDB9LCJzY2hlbWFfdmVyc2lvbiI6IjEifQ==",
          "dependencies": [
            "aws_key_pair.generated_key",
            "aws_security_group.allow_tlsp",
            "aws_subnet.wordpresssubnet",
            "aws_vpc.main",
            "tls_private_key.example"
          ]
        }
      ]
    },
    {
      "mode": "managed",
      "type": "aws_internet_gateway",
      "name": "gw",
      "provider": "provider.aws",
      "instances": [
        {
          "schema_version": 0,
          "attributes": {
            "arn": "arn:aws:ec2:ap-south-1:173168492248:internet-gateway/igw-001086aabda153383",
            "id": "igw-001086aabda153383",
            "owner_id": "173168492248",
            "tags": {
              "Name": "main"
            },
            "vpc_id": "vpc-0717a4665a3b86447"
          },
          "private": "bnVsbA==",
          "dependencies": [
            "aws_vpc.main"
          ]
        }
      ]
    },
    {
      "mode": "managed",
      "type": "aws_key_pair",
      "name": "generated_key",
      "provider": "provider.aws",
      "instances": [
        {
          "schema_version": 1,
          "attributes": {
            "arn": "arn:aws:ec2:ap-south-1:173168492248:key-pair/terraform-20200716182405918800000001",
            "fingerprint": "0d:19:9f:1e:07:9e:76:fd:2e:cb:51:b7:80:d7:7d:08",
            "id": "terraform-20200716182405918800000001",
            "key_name": "terraform-20200716182405918800000001",
            "key_name_prefix": null,
            "key_pair_id": "key-07e4dbd4ebf801a0d",
            "public_key": "ssh-rsa AAAAB3NzaC1yc2EAAAADAQABAAACAQC4iTBjurLFlzi6MzL9wDlMWZK3UrQC3gSgi4jKMkMAGF+rB/ELDSbXaVd51/LLacCKBKQm4QCDrwMGgPWkGQIYFRvWTutcPGQE8wJdhhVjqocXJNfEozIBZVdZJjOMne4RP1JwdadLglUATQQIZNSHEV6bMGoQA8mcQp7PA41fz+R41up/zwzYpHBOihk7FFswSHo9tzeNyFCQOnR1s9asEdrgozoCCHL/+UM1q1tTO9OoaNq8AVPhaZK1COd9ARsytwwfeODDvaekYCVkXgnk8e1azaJ1ZRyh3pVq9vbBVruChOcStXeJotIotDLQuw52FEg3YEdkR1QTk+pZ0smer68aJghXrN11vrrK082RZ+tcnBLdDFFT7r2JO29NXaVWLaV77Sr2myUoflUAGW+ARePHPvEMnqnku41W6znOIUM2me8bxTHYVtkf2avHGjP4OholPJRzt42Q/K2ynDgqPZOvikoZphys4bxyDW+b/+a3FgFlv5C5TcB8e3gwwjz2oLXzjDGZaM0HNwUc/fL3Pj0LQMtdZJYtHLWsLlYy1X8cYuX8yI6Sqol7f+7zRycci50K+htqTN7uQU8Cnn1OKUJr/lmpLspP7nMwAFmdMlqnjNokrI57gPkqXvzmAEDYkpwUaGaxlvw0sTDriHWh8SFKcBKxpAyASUjKbOS3iw==",
            "tags": {}
          },
          "private": "eyJzY2hlbWFfdmVyc2lvbiI6IjEifQ==",
          "dependencies": [
            "tls_private_key.example"
          ]
        }
      ]
    },
    {
      "mode": "managed",
      "type": "aws_route",
      "name": "beta",
      "provider": "provider.aws",
      "instances": [
        {
          "schema_version": 0,
          "attributes": {
            "destination_cidr_block": "0.0.0.0/0",
            "destination_ipv6_cidr_block": "",
            "destination_prefix_list_id": "",
            "egress_only_gateway_id": "",
            "gateway_id": "igw-001086aabda153383",
            "id": "r-rtb-0d555d697dfccaad81080289494",
            "instance_id": "",
            "instance_owner_id": "",
            "nat_gateway_id": "",
            "network_interface_id": "",
            "origin": "CreateRoute",
            "route_table_id": "rtb-0d555d697dfccaad8",
            "state": "active",
            "timeouts": null,
            "transit_gateway_id": "",
            "vpc_peering_connection_id": ""
          },
          "private": "eyJlMmJmYjczMC1lY2FhLTExZTYtOGY4OC0zNDM2M2JjN2M0YzAiOnsiY3JlYXRlIjoxMjAwMDAwMDAwMDAsImRlbGV0ZSI6MzAwMDAwMDAwMDAwfX0=",
          "dependencies": [
            "aws_internet_gateway.gw",
            "aws_route_table.r",
            "aws_vpc.main"
          ]
        }
      ]
    },
    {
      "mode": "managed",
      "type": "aws_route_table",
      "name": "r",
      "provider": "provider.aws",
      "instances": [
        {
          "schema_version": 0,
          "attributes": {
            "id": "rtb-0d555d697dfccaad8",
            "owner_id": "173168492248",
            "propagating_vgws": [],
            "route": [
              {
                "cidr_block": "0.0.0.0/0",
                "egress_only_gateway_id": "",
                "gateway_id": "igw-001086aabda153383",
                "instance_id": "",
                "ipv6_cidr_block": "",
                "nat_gateway_id": "",
                "network_interface_id": "",
                "transit_gateway_id": "",
                "vpc_peering_connection_id": ""
              }
            ],
            "tags": {
              "Name": "main"
            },
            "vpc_id": "vpc-0717a4665a3b86447"
          },
          "private": "bnVsbA==",
          "dependencies": [
            "aws_vpc.main"
          ]
        }
      ]
    },
    {
      "mode": "managed",
      "type": "aws_route_table_association",
      "name": "alpha",
      "provider": "provider.aws",
      "instances": [
        {
          "schema_version": 0,
          "attributes": {
            "gateway_id": null,
            "id": "rtbassoc-01feb100eec2efa61",
            "route_table_id": "rtb-0d555d697dfccaad8",
            "subnet_id": "subnet-0b4422f3fdd329c48"
          },
          "private": "bnVsbA==",
          "dependencies": [
            "aws_route_table.r",
            "aws_subnet.wordpresssubnet",
            "aws_vpc.main"
          ]
        }
      ]
    },
    {
      "mode": "managed",
      "type": "aws_security_group",
      "name": "allow_tlsp",
      "provider": "provider.aws",
      "instances": [
        {
          "schema_version": 1,
          "attributes": {
            "arn": "arn:aws:ec2:ap-south-1:173168492248:security-group/sg-006e9be529550126c",
            "description": "Allow TLS inbound traffic",
            "egress": [
              {
                "cidr_blocks": [
                  "0.0.0.0/0"
                ],
                "description": "",
                "from_port": 0,
                "ipv6_cidr_blocks": [],
                "prefix_list_ids": [],
                "protocol": "-1",
                "security_groups": [],
                "self": false,
                "to_port": 0
              }
            ],
            "id": "sg-006e9be529550126c",
            "ingress": [
              {
                "cidr_blocks": [
                  "0.0.0.0/0"
                ],
                "description": "HTTP",
                "from_port": 80,
                "ipv6_cidr_blocks": [],
                "prefix_list_ids": [],
                "protocol": "tcp",
                "security_groups": [],
                "self": false,
                "to_port": 80
              },
              {
                "cidr_blocks": [
                  "0.0.0.0/0"
                ],
                "description": "SSH",
                "from_port": 22,
                "ipv6_cidr_blocks": [],
                "prefix_list_ids": [],
                "protocol": "tcp",
                "security_groups": [],
                "self": false,
                "to_port": 22
              }
            ],
            "name": "allow_tlsp",
            "name_prefix": null,
            "owner_id": "173168492248",
            "revoke_rules_on_delete": false,
            "tags": {
              "Name": "allow_tlsp"
            },
            "timeouts": null,
            "vpc_id": "vpc-0717a4665a3b86447"
          },
          "private": "eyJlMmJmYjczMC1lY2FhLTExZTYtOGY4OC0zNDM2M2JjN2M0YzAiOnsiY3JlYXRlIjo2MDAwMDAwMDAwMDAsImRlbGV0ZSI6NjAwMDAwMDAwMDAwfSwic2NoZW1hX3ZlcnNpb24iOiIxIn0=",
          "dependencies": [
            "aws_vpc.main"
          ]
        }
      ]
    },
    {
      "mode": "managed",
      "type": "aws_security_group",
      "name": "allow_tlsp2",
      "provider": "provider.aws",
      "instances": [
        {
          "schema_version": 1,
          "attributes": {
            "arn": "arn:aws:ec2:ap-south-1:173168492248:security-group/sg-0689ce45457635d2c",
            "description": "Allow TLS inbound traffic",
            "egress": [
              {
                "cidr_blocks": [
                  "0.0.0.0/0"
                ],
                "description": "",
                "from_port": 0,
                "ipv6_cidr_blocks": [],
                "prefix_list_ids": [],
                "protocol": "-1",
                "security_groups": [],
                "self": false,
                "to_port": 0
              }
            ],
            "id": "sg-0689ce45457635d2c",
            "ingress": [
              {
                "cidr_blocks": [
                  "0.0.0.0/0"
                ],
                "description": "Mysql Protocol",
                "from_port": 3306,
                "ipv6_cidr_blocks": [],
                "prefix_list_ids": [],
                "protocol": "tcp",
                "security_groups": [],
                "self": false,
                "to_port": 3306
              }
            ],
            "name": "allow_tlsp2",
            "name_prefix": null,
            "owner_id": "173168492248",
            "revoke_rules_on_delete": false,
            "tags": {
              "Name": "allow_tlsp2"
            },
            "timeouts": null,
            "vpc_id": "vpc-0717a4665a3b86447"
          },
          "private": "eyJlMmJmYjczMC1lY2FhLTExZTYtOGY4OC0zNDM2M2JjN2M0YzAiOnsiY3JlYXRlIjo2MDAwMDAwMDAwMDAsImRlbGV0ZSI6NjAwMDAwMDAwMDAwfSwic2NoZW1hX3ZlcnNpb24iOiIxIn0=",
          "dependencies": [
            "aws_vpc.main"
          ]
        }
      ]
    },
    {
      "mode": "managed",
      "type": "aws_subnet",
      "name": "mysqlsubnet",
      "provider": "provider.aws",
      "instances": [
        {
          "schema_version": 1,
          "attributes": {
            "arn": "arn:aws:ec2:ap-south-1:173168492248:subnet/subnet-0e964342d27a050cf",
            "assign_ipv6_address_on_creation": false,
            "availability_zone": "ap-south-1b",
            "availability_zone_id": "aps1-az3",
            "cidr_block": "192.168.2.0/24",
            "id": "subnet-0e964342d27a050cf",
            "ipv6_cidr_block": "",
            "ipv6_cidr_block_association_id": "",
            "map_public_ip_on_launch": false,
            "outpost_arn": "",
            "owner_id": "173168492248",
            "tags": {
              "Name": "mysqlsubnet"
            },
            "timeouts": null,
            "vpc_id": "vpc-0717a4665a3b86447"
          },
          "private": "eyJlMmJmYjczMC1lY2FhLTExZTYtOGY4OC0zNDM2M2JjN2M0YzAiOnsiY3JlYXRlIjo2MDAwMDAwMDAwMDAsImRlbGV0ZSI6MTIwMDAwMDAwMDAwMH0sInNjaGVtYV92ZXJzaW9uIjoiMSJ9",
          "dependencies": [
            "aws_vpc.main"
          ]
        }
      ]
    },
    {
      "mode": "managed",
      "type": "aws_subnet",
      "name": "wordpresssubnet",
      "provider": "provider.aws",
      "instances": [
        {
          "schema_version": 1,
          "attributes": {
            "arn": "arn:aws:ec2:ap-south-1:173168492248:subnet/subnet-0b4422f3fdd329c48",
            "assign_ipv6_address_on_creation": false,
            "availability_zone": "ap-south-1a",
            "availability_zone_id": "aps1-az1",
            "cidr_block": "192.168.1.0/24",
            "id": "subnet-0b4422f3fdd329c48",
            "ipv6_cidr_block": "",
            "ipv6_cidr_block_association_id": "",
            "map_public_ip_on_launch": true,
            "outpost_arn": "",
            "owner_id": "173168492248",
            "tags": {
              "Name": "wordpresssubnet"
            },
            "timeouts": null,
            "vpc_id": "vpc-0717a4665a3b86447"
          },
          "private": "eyJlMmJmYjczMC1lY2FhLTExZTYtOGY4OC0zNDM2M2JjN2M0YzAiOnsiY3JlYXRlIjo2MDAwMDAwMDAwMDAsImRlbGV0ZSI6MTIwMDAwMDAwMDAwMH0sInNjaGVtYV92ZXJzaW9uIjoiMSJ9",
          "dependencies": [
            "aws_vpc.main"
          ]
        }
      ]
    },
    {
      "mode": "managed",
      "type": "aws_vpc",
      "name": "main",
      "provider": "provider.aws",
      "instances": [
        {
          "schema_version": 1,
          "attributes": {
            "arn": "arn:aws:ec2:ap-south-1:173168492248:vpc/vpc-0717a4665a3b86447",
            "assign_generated_ipv6_cidr_block": false,
            "cidr_block": "192.168.0.0/16",
            "default_network_acl_id": "acl-0c555d96de84b70f8",
            "default_route_table_id": "rtb-0f43c979e148b83bc",
            "default_security_group_id": "sg-04f5136e059620deb",
            "dhcp_options_id": "dopt-eebd7b85",
            "enable_classiclink": null,
            "enable_classiclink_dns_support": null,
            "enable_dns_hostnames": false,
            "enable_dns_support": true,
            "id": "vpc-0717a4665a3b86447",
            "instance_tenancy": "default",
            "ipv6_association_id": "",
            "ipv6_cidr_block": "",
            "main_route_table_id": "rtb-0f43c979e148b83bc",
            "owner_id": "173168492248",
            "tags": {
              "Name": "main"
            }
          },
          "private": "eyJzY2hlbWFfdmVyc2lvbiI6IjEifQ=="
        }
      ]
    },
    {
      "mode": "managed",
      "type": "tls_private_key",
      "name": "example",
      "provider": "provider.tls",
      "instances": [
        {
          "schema_version": 0,
          "attributes": {
            "algorithm": "RSA",
            "ecdsa_curve": "P224",
            "id": "fc5663e39b460e61bd24fe31671cb7865d8fdfad",
            "private_key_pem": "-----BEGIN RSA PRIVATE KEY-----\nMIIJKgIBAAKCAgEAuIkwY7qyxZc4ujMy/cA5TFmSt1K0At4EoIuIyjJDABhfqwfx\nCw0m12lXedfyy2nAigSkJuEAg68DBoD1pBkCGBUb1k7rXDxkBPMCXYYVY6qHFyTX\nxKMyAWVXWSYzjJ3uET9ScHWnS4JVAE0ECGTUhxFemzBqEAPJnEKezwONX8/keNbq\nf88M2KRwTooZOxRbMEh6Pbc3jchQkDp0dbPWrBHa4KM6Aghy//lDNatbUzvTqGja\nvAFT4WmStQjnfQEbMrcMH3jgw72npGAlZF4J5PHtWs2idWUcod6Vavb2wVa7goTn\nErV3iaLSKLQy0LsOdhRIN2BHZEdUE5PqWdLJnq+vGiYIV6zddb66ytPNkWfrXJwS\n3QxRU+69iTtvTV2lVi2le+0q9pslKH5VABlvgEXjxz7xDJ6p5LuNVus5ziFDNpnv\nG8Ux2FbZH9mrxxoz+DoaJTyUc7eNkPytspw4Kj2Tr4pKGaYcrOG8cg1vm//mtxYB\nZb+QuU3AfHt4MMI89qC184wxmWjNBzcFHP3y9z49C0DLXWSWLRy1rC5WMtV/HGLl\n/MiOkqqJe3/u80cnHIudCvobakze7kFPAp59TilCa/5ZqS7KT+5zMABZnTJap4za\nJKyOe4D5Kl785gBA2JKcFGhmsZb8NLEw64h1ofEhSnASsaQMgElIymzkt4sCAwEA\nAQKCAgEAqbD1/29KP2qcrpSwOilOR0hDIzL4934D0UIeipiHhgnjx1mpLVltsz5a\nQ1/yE11uwTwdWuci2vTPmmZx+/FHPLAEhiDSS2H5M5fnP+sxthG04fJuO5M6Q5BW\nL1Nyqcb8iX2qKGH4cfYqhflMUQ+vY3j0f06Y6ZsiBQA6GvEQSt/YH8q5nsfd70Xf\nREm3g91nMVIknqXhfw6KDubB+w5hxJ8yn8lZaU8tuPcU98BYXYSxULcDFUk/QhQb\n5T+H5ypiQVOT4Uj9nuHCy+Ph3pafEJnrgsl/r+ZH2w3cZp0tMYK5MP9XoZufjcBc\n8zMpW0n3tVtXQRzW6X6x8MLfCLRN03/HLC0EnLD/N9NfnKhoTjW03DRKrI6N5En6\nnD+YkXKKx44nZZtXXNrDWDThheHY3HiKuo4LtmqaoLRYVo5xh6omBJsxWqpPHzAm\nrMP8thO9Rd22xFabDkEDy37e/7tQ20oXUfUyxWYWNgV2ddaIUUKLS9TGYM63P1Db\nQUn7IuQwEpoxan6oZGNfFEsvIYlaq30/W0PE6NcHnDjRdqVIEm6Q3uKPebc9bN5U\nDYv0yA79mGtIy1T1wnE7RUqfFi1wEfw7tTeP8oLIQdTeAV+hy89s+z/USBeF10NH\nWa3ZAQ5rDQEkzGLWEaQAtPyfLwvL7D03hytgJOKhsmtx+RTQ/pkCggEBANtRBQs6\nzAQzx0R6Y/PtVJ8LerAxwwdf2LJNLYoXJeRUrdx4qiXLmOPRyaKCASPLuUGkyTNv\nA/ovfR/0jONQQNhrRLECHRg7wpMlsLM7SP8GG51UVaSFv3vBFESYOhV9DsB+Q1vp\nIT1Z2oEolQdc9oU1w/Zy4Cy4xKqgC3RRRvohK+RKwOgxpuXOZIvCOSbwf0FIDtDp\n/i+GOvMb56L543FwVCk/nwBpNWLoPOo9oiBEtxNq62qqdMD7TkQF6s4v5rzjseFp\nNInsJrfuX0KNVDbAdA4nzmVn1IXNpYrsshqz8dNceOS+XqS9bLxxAtBJHXVDTuRN\naXiMQUF4TX0UcF8CggEBANdm43eVEiUZ8RLdPAAVbVV78UKLqx0xUuYGMY165crU\n1tG2b4NcBJTwIqb0t4ECpywuBYWwdh4/l1ZeWM/60stcnMFmMCtd+VLVrDK/caL7\nshhc4QJA3j689Xvz4mH76BbUa8In89J0bjRdBHPrM4RdllPVtb6UbBrXz2pWumly\nyjiL9Gmp7mjDCereHBE9MlgUVnMZetpXlOBujC8rZHhyR2WrXFa3wVYEkcwCW8S0\nOWGKcoXf5Dk4zlSLXHdSCEx3Hu1r6G8/W+PTVj8AZYGuC2QoX7e1QEiEeooCyuDQ\nQ0lvBB7ZOmW27cpuaQCC+IGcfJxI//XzC65mCZx9mFUCggEAPn3dhA+i5meilf6R\n0IWFoTPyJ5ZmTgmfg16+ZSSnZWJDkBjJ0q8qx2+VlrqYfIymIvBDbGZrqbQyYRKb\nuoG5mHEoR4+knq0YijkpGkkASbqBz9ih9pktsKOZlNoTYuAZffv8UYoiMIsT2c2o\neUqh698gEW82NUgIsd2cpe4q3UbqbMhoI0FSnxSqTbBv/Ip2mDFiF2E1TnFfBrqi\nzCuMBVzOflpkggd4cNBf2xboxW0PBXdn0SL01bBF4tgUyd+YTaZLn0EM+WfSuIIx\nnpMKtfcsmoP5KafmRKIOU4GSVk2D0If+4p7j9OkMvL0u4g6TWEBvkFoGfZTpWzBe\nVA+o3QKCAQEAwUdrWEQE8hGjBaBKVHDlmE0MoP+eXSWDEy//isn6I9Rzpd2jliUd\nX19SWKlBd5uf0b7B6cH7Ww0IiNFDs+uG9j910PwWwPMj4zYju62ZE/vxRHci19jJ\nE1aOl9ixC+bzzHhy8NbUq8UZlhbZBgLIST+IwlUDLa0Ui8mWLf8Aado8phy/BYkb\nihlobr06RiW5ZNtq7wCwAfeQeQn48+Jl1sYEVrA6vP1JmBulj3+WRJzK2EFYndPW\nf5n/WlFqeQ68r5A7yiKHgDtEAtwBiaqbao93XTn1GWyj7+4f3nK/BJcbqWraMawO\nAHLyUDBeO71Jq1N1ZO8D7fdWRfj9KtRvuQKCAQEAoFr6tRVphbXD/1pcJ3Blfu5X\nrCeMikJ5kxre/d3XyT6hrm80v4w0pUlWexLI0kIyHBjtBWzp9AIgOqGqaOZwFq2Q\ndoNphllfdd8F88mcyODBwR2fb25dTRpnTlLtavIrEDHgg50F3jbcuTZXy2y3huGX\nRfGotIY1iKd5wnWsxemxwqDL3OeaJexbJv/t7xLacCjYkDxTpL1plJMoPs6ig5i/\nhOeDL5YRxiwqBLzZf3tn7rL1FrSO7lMGbeirKmLf73INDFQD58Js+ZwIL4T6ribn\niZijqLNBd+F3/drm5V5AjgQ2QQhPvtfpgpWuzMhhzRlONL/fOn74V2tumpK86A==\n-----END RSA PRIVATE KEY-----\n",
            "public_key_fingerprint_md5": "f0:30:f9:fe:65:2f:9e:59:c1:12:8d:5d:dd:96:b6:9b",
            "public_key_openssh": "ssh-rsa AAAAB3NzaC1yc2EAAAADAQABAAACAQC4iTBjurLFlzi6MzL9wDlMWZK3UrQC3gSgi4jKMkMAGF+rB/ELDSbXaVd51/LLacCKBKQm4QCDrwMGgPWkGQIYFRvWTutcPGQE8wJdhhVjqocXJNfEozIBZVdZJjOMne4RP1JwdadLglUATQQIZNSHEV6bMGoQA8mcQp7PA41fz+R41up/zwzYpHBOihk7FFswSHo9tzeNyFCQOnR1s9asEdrgozoCCHL/+UM1q1tTO9OoaNq8AVPhaZK1COd9ARsytwwfeODDvaekYCVkXgnk8e1azaJ1ZRyh3pVq9vbBVruChOcStXeJotIotDLQuw52FEg3YEdkR1QTk+pZ0smer68aJghXrN11vrrK082RZ+tcnBLdDFFT7r2JO29NXaVWLaV77Sr2myUoflUAGW+ARePHPvEMnqnku41W6znOIUM2me8bxTHYVtkf2avHGjP4OholPJRzt42Q/K2ynDgqPZOvikoZphys4bxyDW+b/+a3FgFlv5C5TcB8e3gwwjz2oLXzjDGZaM0HNwUc/fL3Pj0LQMtdZJYtHLWsLlYy1X8cYuX8yI6Sqol7f+7zRycci50K+htqTN7uQU8Cnn1OKUJr/lmpLspP7nMwAFmdMlqnjNokrI57gPkqXvzmAEDYkpwUaGaxlvw0sTDriHWh8SFKcBKxpAyASUjKbOS3iw==\n",
            "public_key_pem": "-----BEGIN PUBLIC KEY-----\nMIICIjANBgkqhkiG9w0BAQEFAAOCAg8AMIICCgKCAgEAuIkwY7qyxZc4ujMy/cA5\nTFmSt1K0At4EoIuIyjJDABhfqwfxCw0m12lXedfyy2nAigSkJuEAg68DBoD1pBkC\nGBUb1k7rXDxkBPMCXYYVY6qHFyTXxKMyAWVXWSYzjJ3uET9ScHWnS4JVAE0ECGTU\nhxFemzBqEAPJnEKezwONX8/keNbqf88M2KRwTooZOxRbMEh6Pbc3jchQkDp0dbPW\nrBHa4KM6Aghy//lDNatbUzvTqGjavAFT4WmStQjnfQEbMrcMH3jgw72npGAlZF4J\n5PHtWs2idWUcod6Vavb2wVa7goTnErV3iaLSKLQy0LsOdhRIN2BHZEdUE5PqWdLJ\nnq+vGiYIV6zddb66ytPNkWfrXJwS3QxRU+69iTtvTV2lVi2le+0q9pslKH5VABlv\ngEXjxz7xDJ6p5LuNVus5ziFDNpnvG8Ux2FbZH9mrxxoz+DoaJTyUc7eNkPytspw4\nKj2Tr4pKGaYcrOG8cg1vm//mtxYBZb+QuU3AfHt4MMI89qC184wxmWjNBzcFHP3y\n9z49C0DLXWSWLRy1rC5WMtV/HGLl/MiOkqqJe3/u80cnHIudCvobakze7kFPAp59\nTilCa/5ZqS7KT+5zMABZnTJap4zaJKyOe4D5Kl785gBA2JKcFGhmsZb8NLEw64h1\nofEhSnASsaQMgElIymzkt4sCAwEAAQ==\n-----END PUBLIC KEY-----\n",
            "rsa_bits": 4096
          },
          "private": "bnVsbA=="
        }
      ]
    }
  ]
}
